<?xml version="1.0" encoding="utf-8"?>
<Project ToolsVersion="4.0" xmlns="http://schemas.microsoft.com/developer/msbuild/2003">
  <ItemGroup>
    <Filter Include="Basalt">
      <UniqueIdentifier>{BC81EFA8-A823-1A7F-91DE-2DD37D1FA1CF}</UniqueIdentifier>
    </Filter>
    <Filter Include="Basalt\Utility">
      <UniqueIdentifier>{FF3BAF6D-EB09-A373-D49D-139AC00A7FD8}</UniqueIdentifier>
    </Filter>
    <Filter Include="Platform">
      <UniqueIdentifier>{2AC788B4-1694-E3BF-3FAD-D1672BD9184E}</UniqueIdentifier>
    </Filter>
  </ItemGroup>
  <ItemGroup>
    <ClInclude Include="src\Basalt.h" />
    <ClInclude Include="src\Basalt\Application.h">
      <Filter>Basalt</Filter>
    </ClInclude>
    <ClInclude Include="src\Basalt\Core.h">
      <Filter>Basalt</Filter>
    </ClInclude>
    <ClInclude Include="src\Basalt\EntryPoint.h">
      <Filter>Basalt</Filter>
    </ClInclude>
    <ClInclude Include="src\Basalt\Exception.h">
      <Filter>Basalt</Filter>
    </ClInclude>
    <ClInclude Include="src\Basalt\Log.h">
      <Filter>Basalt</Filter>
    </ClInclude>
    <ClInclude Include="src\Basalt\Utility\String.h">
      <Filter>Basalt\Utility</Filter>
    </ClInclude>
    <ClInclude Include="src\Platform\Window.h">
      <Filter>Platform</Filter>
    </ClInclude>
    <ClInclude Include="src\Platform\WindowsIncludes.h">
      <Filter>Platform</Filter>
    </ClInclude>
    <ClInclude Include="src\Platform\WindowsMessageMap.h">
      <Filter>Platform</Filter>
    </ClInclude>
    <ClInclude Include="src\Basalt\Events\Event.h" />
    <ClInclude Include="src\Basalt\Events\ApplicationEvent.h" />
    <ClInclude Include="src\Basalt\Events\WindowEvent.h" />
    <ClInclude Include="src\Basalt\Events\KeyboardEvent.h" />
    <ClInclude Include="src\Basalt\Events\MouseEvent.h" />
  </ItemGroup>
  <ItemGroup>
    <ClCompile Include="src\Basalt\Application.cpp">
      <Filter>Basalt</Filter>
    </ClCompile>
    <ClCompile Include="src\Basalt\Exception.cpp">
      <Filter>Basalt</Filter>
    </ClCompile>
    <ClCompile Include="src\Basalt\Log.cpp">
      <Filter>Basalt</Filter>
    </ClCompile>
    <ClCompile Include="src\Platform\Window.cpp">
      <Filter>Platform</Filter>
    </ClCompile>
    <ClCompile Include="src\Platform\WindowsMessageMap.cpp">
      <Filter>Platform</Filter>
    </ClCompile>
  </ItemGroup>
</Project>