<?xml version="1.0" encoding="utf-8"?>
<Project ToolsVersion="4.0" xmlns="http://schemas.microsoft.com/developer/msbuild/2003">
  <ItemGroup>
    <Filter Include="Basalt">
      <UniqueIdentifier>{BC81EFA8-A823-1A7F-91DE-2DD37D1FA1CF}</UniqueIdentifier>
    </Filter>
  </ItemGroup>
  <ItemGroup>
    <ClInclude Include="src\Basalt.h" />
    <ClInclude Include="src\Basalt\Application.h">
      <Filter>Basalt</Filter>
    </ClInclude>
    <ClInclude Include="src\Basalt\Core.h">
      <Filter>Basalt</Filter>
    </ClInclude>
    <ClInclude Include="src\Basalt\EntryPoint.h">
      <Filter>Basalt</Filter>
    </ClInclude>
    <ClInclude Include="src\Basalt\Log.h">
      <Filter>Basalt</Filter>
    </ClInclude>
  </ItemGroup>
  <ItemGroup>
    <ClCompile Include="src\Basalt\Application.cpp">
      <Filter>Basalt</Filter>
    </ClCompile>
    <ClCompile Include="src\Basalt\Log.cpp">
      <Filter>Basalt</Filter>
    </ClCompile>
  </ItemGroup>
</Project>