<?xml version="1.0" encoding="utf-8"?>
<Project ToolsVersion="4.0" xmlns="http://schemas.microsoft.com/developer/msbuild/2003">
  <ItemGroup>
    <Filter Include="src">
      <UniqueIdentifier>{2DAB880B-99B4-887C-2230-9F7C8E38947C}</UniqueIdentifier>
    </Filter>
    <Filter Include="src\Basalt">
      <UniqueIdentifier>{F35A4E06-DF12-9053-481A-69AF34F12A44}</UniqueIdentifier>
    </Filter>
    <Filter Include="src\Basalt\Events">
      <UniqueIdentifier>{77D75755-E3ED-55EB-2C65-E10C98BA2673}</UniqueIdentifier>
    </Filter>
    <Filter Include="src\Basalt\Utility">
      <UniqueIdentifier>{365C93CB-2240-5421-8BA0-4E7477A33EA3}</UniqueIdentifier>
    </Filter>
    <Filter Include="src\Platform">
      <UniqueIdentifier>{21CA02E5-0D2D-9289-B6B2-CA3FA2F45D0C}</UniqueIdentifier>
    </Filter>
    <Filter Include="vendor">
      <UniqueIdentifier>{B3738122-9F15-ACF8-88D0-BF4C74113349}</UniqueIdentifier>
    </Filter>
    <Filter Include="vendor\glm">
      <UniqueIdentifier>{829FC5A8-6E57-07F6-D75E-E051C335A2E6}</UniqueIdentifier>
    </Filter>
    <Filter Include="vendor\glm\glm">
      <UniqueIdentifier>{D11AC9C9-BDE8-BCCF-A67C-2DF692E99834}</UniqueIdentifier>
    </Filter>
    <Filter Include="vendor\glm\glm\detail">
      <UniqueIdentifier>{739DA071-DF09-5C6C-A8FD-F3C914297ED4}</UniqueIdentifier>
    </Filter>
    <Filter Include="vendor\glm\glm\ext">
      <UniqueIdentifier>{B19EA76B-9D82-68C1-06E3-6214F2E55243}</UniqueIdentifier>
    </Filter>
    <Filter Include="vendor\glm\glm\gtc">
      <UniqueIdentifier>{9EA6A76B-8A8A-68C1-F3EA-6214DFED5243}</UniqueIdentifier>
    </Filter>
    <Filter Include="vendor\glm\glm\gtx">
      <UniqueIdentifier>{B3A6A76B-9F8A-68C1-08EB-6214F4ED5243}</UniqueIdentifier>
    </Filter>
  </ItemGroup>
  <ItemGroup>
    <ClInclude Include="src\BEpch.h">
      <Filter>src</Filter>
    </ClInclude>
    <ClInclude Include="src\Basalt.h">
      <Filter>src</Filter>
    </ClInclude>
    <ClInclude Include="src\Basalt\Application.h">
      <Filter>src\Basalt</Filter>
    </ClInclude>
    <ClInclude Include="src\Basalt\Core.h">
      <Filter>src\Basalt</Filter>
    </ClInclude>
    <ClInclude Include="src\Basalt\EntryPoint.h">
      <Filter>src\Basalt</Filter>
    </ClInclude>
    <ClInclude Include="src\Basalt\Events\ApplicationEvent.h">
      <Filter>src\Basalt\Events</Filter>
    </ClInclude>
    <ClInclude Include="src\Basalt\Events\Event.h">
      <Filter>src\Basalt\Events</Filter>
    </ClInclude>
    <ClInclude Include="src\Basalt\Events\KeyboardEvent.h">
      <Filter>src\Basalt\Events</Filter>
    </ClInclude>
    <ClInclude Include="src\Basalt\Events\MouseEvent.h">
      <Filter>src\Basalt\Events</Filter>
    </ClInclude>
    <ClInclude Include="src\Basalt\Events\WindowEvent.h">
      <Filter>src\Basalt\Events</Filter>
    </ClInclude>
    <ClInclude Include="src\Basalt\Exception.h">
      <Filter>src\Basalt</Filter>
    </ClInclude>
    <ClInclude Include="src\Basalt\IInput.h">
      <Filter>src\Basalt</Filter>
    </ClInclude>
    <ClInclude Include="src\Basalt\IWindow.h">
      <Filter>src\Basalt</Filter>
    </ClInclude>
    <ClInclude Include="src\Basalt\Keycodes.h">
      <Filter>src\Basalt</Filter>
    </ClInclude>
    <ClInclude Include="src\Basalt\Layer.h">
      <Filter>src\Basalt</Filter>
    </ClInclude>
    <ClInclude Include="src\Basalt\LayerStack.h">
      <Filter>src\Basalt</Filter>
    </ClInclude>
    <ClInclude Include="src\Basalt\Log.h">
      <Filter>src\Basalt</Filter>
    </ClInclude>
    <ClInclude Include="src\Basalt\MouseCodes.h">
      <Filter>src\Basalt</Filter>
    </ClInclude>
    <ClInclude Include="src\Basalt\Utility\Math.h">
      <Filter>src\Basalt\Utility</Filter>
    </ClInclude>
    <ClInclude Include="src\Basalt\Utility\String.h">
      <Filter>src\Basalt\Utility</Filter>
    </ClInclude>
    <ClInclude Include="src\Platform\Windows\Window.h">
      <Filter>src\Platform</Filter>
    </ClInclude>
    <ClInclude Include="src\Platform\Windows\WindowsInput.h">
      <Filter>src\Platform</Filter>
    </ClInclude>
  </ItemGroup>
  <ItemGroup>
    <ClCompile Include="src\BEpch.cpp">
      <Filter>src</Filter>
    </ClCompile>
    <ClCompile Include="src\Basalt\Application.cpp">
      <Filter>src\Basalt</Filter>
    </ClCompile>
    <ClCompile Include="src\Basalt\Exception.cpp">
      <Filter>src\Basalt</Filter>
    </ClCompile>
    <ClCompile Include="src\Basalt\LayerStack.cpp">
      <Filter>src\Basalt</Filter>
    </ClCompile>
    <ClCompile Include="src\Basalt\Log.cpp">
      <Filter>src\Basalt</Filter>
    </ClCompile>
    <ClCompile Include="src\Platform\Windows\Window.cpp">
      <Filter>src\Platform</Filter>
    </ClCompile>
    <ClCompile Include="src\Platform\Windows\WindowsInput.cpp">
      <Filter>src\Platform</Filter>
    </ClCompile>
  </ItemGroup>
</Project>